
Microsoft Visual Studio Solution File, Format Version 12.00
# Visual Studio Version 17
VisualStudioVersion = 17.7.34031.279
MinimumVisualStudioVersion = 10.0.40219.1
Project("{9A19103F-16F7-4668-BE54-9A1E7A4F7556}") = "LanguagePracticeSite", "LanguagePractice\LanguagePracticeSite.csproj", "{E36E26B5-5E8A-433A-B1CA-0D4112396C52}"
EndProject
Project("{9A19103F-16F7-4668-BE54-9A1E7A4F7556}") = "LanguagePractice.DataAccess", "LanguagePractice.DataAccess\LanguagePractice.DataAccess.csproj", "{DDD4A1C4-9514-450B-8582-AF66DA668F71}"
EndProject
Project("{9A19103F-16F7-4668-BE54-9A1E7A4F7556}") = "LanguagePractice.Models", "LanguagePractice.Models\LanguagePractice.Models.csproj", "{3C9FA64E-CB04-494E-ABFA-78037A11DF8A}"
EndProject
Project("{FAE04EC0-301F-11D3-BF4B-00C04F79EFBC}") = "LanguagePractice.Repositories", "LanguagePractice.Repositories\LanguagePractice.Repositories.csproj", "{FED3385A-A733-48F5-85E6-E1F977812EA5}"
EndProject
Global
	GlobalSection(SolutionConfigurationPlatforms) = preSolution
		Debug|Any CPU = Debug|Any CPU
		Release|Any CPU = Release|Any CPU
	EndGlobalSection
	GlobalSection(ProjectConfigurationPlatforms) = postSolution
		{E36E26B5-5E8A-433A-B1CA-0D4112396C52}.Debug|Any CPU.ActiveCfg = Debug|Any CPU
		{E36E26B5-5E8A-433A-B1CA-0D4112396C52}.Debug|Any CPU.Build.0 = Debug|Any CPU
		{E36E26B5-5E8A-433A-B1CA-0D4112396C52}.Release|Any CPU.ActiveCfg = Release|Any CPU
		{E36E26B5-5E8A-433A-B1CA-0D4112396C52}.Release|Any CPU.Build.0 = Release|Any CPU
		{DDD4A1C4-9514-450B-8582-AF66DA668F71}.Debug|Any CPU.ActiveCfg = Debug|Any CPU
		{DDD4A1C4-9514-450B-8582-AF66DA668F71}.Debug|Any CPU.Build.0 = Debug|Any CPU
		{DDD4A1C4-9514-450B-8582-AF66DA668F71}.Release|Any CPU.ActiveCfg = Release|Any CPU
		{DDD4A1C4-9514-450B-8582-AF66DA668F71}.Release|Any CPU.Build.0 = Release|Any CPU
		{3C9FA64E-CB04-494E-ABFA-78037A11DF8A}.Debug|Any CPU.ActiveCfg = Debug|Any CPU
		{3C9FA64E-CB04-494E-ABFA-78037A11DF8A}.Debug|Any CPU.Build.0 = Debug|Any CPU
		{3C9FA64E-CB04-494E-ABFA-78037A11DF8A}.Release|Any CPU.ActiveCfg = Release|Any CPU
		{3C9FA64E-CB04-494E-ABFA-78037A11DF8A}.Release|Any CPU.Build.0 = Release|Any CPU
		{FED3385A-A733-48F5-85E6-E1F977812EA5}.Debug|Any CPU.ActiveCfg = Debug|Any CPU
		{FED3385A-A733-48F5-85E6-E1F977812EA5}.Debug|Any CPU.Build.0 = Debug|Any CPU
		{FED3385A-A733-48F5-85E6-E1F977812EA5}.Release|Any CPU.ActiveCfg = Release|Any CPU
		{FED3385A-A733-48F5-85E6-E1F977812EA5}.Release|Any CPU.Build.0 = Release|Any CPU
	EndGlobalSection
	GlobalSection(SolutionProperties) = preSolution
		HideSolutionNode = FALSE
	EndGlobalSection
	GlobalSection(ExtensibilityGlobals) = postSolution
		SolutionGuid = {4FA2668A-5343-4B95-B544-53749F4C52F5}
	EndGlobalSection
EndGlobal
